
Microsoft Visual Studio Solution File, Format Version 12.00
# Visual Studio Version 17
VisualStudioVersion = 17.1.32113.165
MinimumVisualStudioVersion = 10.0.40219.1
Project("{FAE04EC0-301F-11D3-BF4B-00C04F79EFBC}") = "Itemized", "Itemized\Itemized.csproj", "{37F75EE6-BE87-44BC-ADC3-2B4912F36DE7}"
EndProject
Global
	GlobalSection(SolutionConfigurationPlatforms) = preSolution
		Debug|Any CPU = Debug|Any CPU
		Release|Any CPU = Release|Any CPU
	EndGlobalSection
	GlobalSection(ProjectConfigurationPlatforms) = postSolution
		{2AB216D2-AB4D-48E3-AC95-C6A4D34CBF43}.Debug|Any CPU.ActiveCfg = Debug|Any CPU
		{2AB216D2-AB4D-48E3-AC95-C6A4D34CBF43}.Debug|Any CPU.Build.0 = Debug|Any CPU
		{2AB216D2-AB4D-48E3-AC95-C6A4D34CBF43}.Release|Any CPU.ActiveCfg = Release|Any CPU
		{2AB216D2-AB4D-48E3-AC95-C6A4D34CBF43}.Release|Any CPU.Build.0 = Release|Any CPU
		{D28F4F29-95ED-493D-97F0-6DE5B9239A0F}.Debug|Any CPU.ActiveCfg = Debug|Any CPU
		{D28F4F29-95ED-493D-97F0-6DE5B9239A0F}.Debug|Any CPU.Build.0 = Debug|Any CPU
		{D28F4F29-95ED-493D-97F0-6DE5B9239A0F}.Release|Any CPU.ActiveCfg = Release|Any CPU
		{D28F4F29-95ED-493D-97F0-6DE5B9239A0F}.Release|Any CPU.Build.0 = Release|Any CPU
		{37F75EE6-BE87-44BC-ADC3-2B4912F36DE7}.Debug|Any CPU.ActiveCfg = Debug|Any CPU
		{37F75EE6-BE87-44BC-ADC3-2B4912F36DE7}.Debug|Any CPU.Build.0 = Debug|Any CPU
		{37F75EE6-BE87-44BC-ADC3-2B4912F36DE7}.Release|Any CPU.ActiveCfg = Release|Any CPU
		{37F75EE6-BE87-44BC-ADC3-2B4912F36DE7}.Release|Any CPU.Build.0 = Release|Any CPU
	EndGlobalSection
	GlobalSection(SolutionProperties) = preSolution
		HideSolutionNode = FALSE
	EndGlobalSection
	GlobalSection(ExtensibilityGlobals) = postSolution
		SolutionGuid = {F88A2DD6-BD68-4FA5-B178-469EE7E0107C}
	EndGlobalSection
EndGlobal
